
Microsoft Visual Studio Solution File, Format Version 12.00
# Visual Studio Version 17
VisualStudioVersion = 17.6.33829.357
MinimumVisualStudioVersion = 10.0.40219.1
Project("{FAE04EC0-301F-11D3-BF4B-00C04F79EFBC}") = "MySharedLibrary", "MySharedLibrary\MySharedLibrary.csproj", "{754170BC-8754-447F-8A16-120A78B5F0AF}"
EndProject
Global
	GlobalSection(SolutionConfigurationPlatforms) = preSolution
		Debug|Any CPU = Debug|Any CPU
		Release|Any CPU = Release|Any CPU
	EndGlobalSection
	GlobalSection(ProjectConfigurationPlatforms) = postSolution
		{754170BC-8754-447F-8A16-120A78B5F0AF}.Debug|Any CPU.ActiveCfg = Debug|Any CPU
		{754170BC-8754-447F-8A16-120A78B5F0AF}.Debug|Any CPU.Build.0 = Debug|Any CPU
		{754170BC-8754-447F-8A16-120A78B5F0AF}.Release|Any CPU.ActiveCfg = Release|Any CPU
		{754170BC-8754-447F-8A16-120A78B5F0AF}.Release|Any CPU.Build.0 = Release|Any CPU
	EndGlobalSection
	GlobalSection(SolutionProperties) = preSolution
		HideSolutionNode = FALSE
	EndGlobalSection
	GlobalSection(ExtensibilityGlobals) = postSolution
		SolutionGuid = {DDCEBC6A-A010-4009-8E77-1FD0033979E4}
	EndGlobalSection
EndGlobal
